// !$*UTF8*$!
{
	archiveVersion = 1;
	classes = {
	};
	objectVersion = 50;
	objects = {

/* Begin PBXBuildFile section */
		060271E821BDFAA300704E0B /* Assets.xcassets in Resources */ = {isa = PBXBuildFile; fileRef = 060271E721BDFAA200704E0B /* Assets.xcassets */; };
		060F91DC21AFED6F00890863 /* ShoeDetailsViewController.swift in Sources */ = {isa = PBXBuildFile; fileRef = 060F91DB21AFED6F00890863 /* ShoeDetailsViewController.swift */; };
		0628D51D21BB2CA600A7786E /* SearchViewController.swift in Sources */ = {isa = PBXBuildFile; fileRef = 0628D51C21BB2CA600A7786E /* SearchViewController.swift */; };
		0628D51F21BB2E7D00A7786E /* SearchShoeResultCell.swift in Sources */ = {isa = PBXBuildFile; fileRef = 0628D51E21BB2E7D00A7786E /* SearchShoeResultCell.swift */; };
		063B7D2D21AFF995004E3A3E /* VideoReviewsTableViewCell.swift in Sources */ = {isa = PBXBuildFile; fileRef = 063B7D2C21AFF995004E3A3E /* VideoReviewsTableViewCell.swift */; };
		068C4DE221AFE41D009AC6F8 /* AppDelegate.swift in Sources */ = {isa = PBXBuildFile; fileRef = 068C4DE121AFE41D009AC6F8 /* AppDelegate.swift */; };
		068C4DE421AFE41D009AC6F8 /* ReleasesViewController.swift in Sources */ = {isa = PBXBuildFile; fileRef = 068C4DE321AFE41D009AC6F8 /* ReleasesViewController.swift */; };
		068C4DE621AFE41D009AC6F8 /* AccountViewController.swift in Sources */ = {isa = PBXBuildFile; fileRef = 068C4DE521AFE41D009AC6F8 /* AccountViewController.swift */; };
		068C4DE921AFE41D009AC6F8 /* Main.storyboard in Resources */ = {isa = PBXBuildFile; fileRef = 068C4DE721AFE41D009AC6F8 /* Main.storyboard */; };
		068C4DEE21AFE422009AC6F8 /* LaunchScreen.storyboard in Resources */ = {isa = PBXBuildFile; fileRef = 068C4DEC21AFE422009AC6F8 /* LaunchScreen.storyboard */; };
		068C4DF921AFE422009AC6F8 /* GrailzTests.swift in Sources */ = {isa = PBXBuildFile; fileRef = 068C4DF821AFE422009AC6F8 /* GrailzTests.swift */; };
		068C4E0421AFE422009AC6F8 /* GrailzUITests.swift in Sources */ = {isa = PBXBuildFile; fileRef = 068C4E0321AFE422009AC6F8 /* GrailzUITests.swift */; };
		068C4E1221AFE63D009AC6F8 /* ShoesData.swift in Sources */ = {isa = PBXBuildFile; fileRef = 068C4E1121AFE63D009AC6F8 /* ShoesData.swift */; };
		068C4E1421AFE795009AC6F8 /* ShoeCellTableViewCell.swift in Sources */ = {isa = PBXBuildFile; fileRef = 068C4E1321AFE795009AC6F8 /* ShoeCellTableViewCell.swift */; };
		80F3999921BE247D00C715C8 /* WatchShoeCell.swift in Sources */ = {isa = PBXBuildFile; fileRef = 80F3999821BE247D00C715C8 /* WatchShoeCell.swift */; };
		80F3999B21BE5BB800C715C8 /* WatchViewController.swift in Sources */ = {isa = PBXBuildFile; fileRef = 80F3999A21BE5BB800C715C8 /* WatchViewController.swift */; };
		41F52F9021BDD2C700184FEF /* LoginViewController.swift in Sources */ = {isa = PBXBuildFile; fileRef = 41F52F8F21BDD2C700184FEF /* LoginViewController.swift */; };
		80F4D38521B63109005B7BFA /* SearchViewController.swift in Sources */ = {isa = PBXBuildFile; fileRef = 80F4D38421B63109005B7BFA /* SearchViewController.swift */; };
		80F4D38721B634F4005B7BFA /* SearchShoeResultCell.swift in Sources */ = {isa = PBXBuildFile; fileRef = 80F4D38621B634F4005B7BFA /* SearchShoeResultCell.swift */; };
/* End PBXBuildFile section */

/* Begin PBXContainerItemProxy section */
		068C4DF521AFE422009AC6F8 /* PBXContainerItemProxy */ = {
			isa = PBXContainerItemProxy;
			containerPortal = 068C4DD621AFE41D009AC6F8 /* Project object */;
			proxyType = 1;
			remoteGlobalIDString = 068C4DDD21AFE41D009AC6F8;
			remoteInfo = Grailz;
		};
		068C4E0021AFE422009AC6F8 /* PBXContainerItemProxy */ = {
			isa = PBXContainerItemProxy;
			containerPortal = 068C4DD621AFE41D009AC6F8 /* Project object */;
			proxyType = 1;
			remoteGlobalIDString = 068C4DDD21AFE41D009AC6F8;
			remoteInfo = Grailz;
		};
/* End PBXContainerItemProxy section */

/* Begin PBXFileReference section */
		060271E721BDFAA200704E0B /* Assets.xcassets */ = {isa = PBXFileReference; lastKnownFileType = folder.assetcatalog; path = Assets.xcassets; sourceTree = "<group>"; };
		060F91DB21AFED6F00890863 /* ShoeDetailsViewController.swift */ = {isa = PBXFileReference; lastKnownFileType = sourcecode.swift; path = ShoeDetailsViewController.swift; sourceTree = "<group>"; };
		0628D51C21BB2CA600A7786E /* SearchViewController.swift */ = {isa = PBXFileReference; lastKnownFileType = sourcecode.swift; path = SearchViewController.swift; sourceTree = "<group>"; };
		0628D51E21BB2E7D00A7786E /* SearchShoeResultCell.swift */ = {isa = PBXFileReference; lastKnownFileType = sourcecode.swift; path = SearchShoeResultCell.swift; sourceTree = "<group>"; };
		063B7D2C21AFF995004E3A3E /* VideoReviewsTableViewCell.swift */ = {isa = PBXFileReference; lastKnownFileType = sourcecode.swift; path = VideoReviewsTableViewCell.swift; sourceTree = "<group>"; };
		068C4DDE21AFE41D009AC6F8 /* Grailz.app */ = {isa = PBXFileReference; explicitFileType = wrapper.application; includeInIndex = 0; path = Grailz.app; sourceTree = BUILT_PRODUCTS_DIR; };
		068C4DE121AFE41D009AC6F8 /* AppDelegate.swift */ = {isa = PBXFileReference; lastKnownFileType = sourcecode.swift; path = AppDelegate.swift; sourceTree = "<group>"; };
		068C4DE321AFE41D009AC6F8 /* ReleasesViewController.swift */ = {isa = PBXFileReference; lastKnownFileType = sourcecode.swift; path = ReleasesViewController.swift; sourceTree = "<group>"; };
		068C4DE521AFE41D009AC6F8 /* AccountViewController.swift */ = {isa = PBXFileReference; lastKnownFileType = sourcecode.swift; path = AccountViewController.swift; sourceTree = "<group>"; };
		068C4DE821AFE41D009AC6F8 /* Base */ = {isa = PBXFileReference; lastKnownFileType = file.storyboard; name = Base; path = Base.lproj/Main.storyboard; sourceTree = "<group>"; };
		068C4DED21AFE422009AC6F8 /* Base */ = {isa = PBXFileReference; lastKnownFileType = file.storyboard; name = Base; path = Base.lproj/LaunchScreen.storyboard; sourceTree = "<group>"; };
		068C4DEF21AFE422009AC6F8 /* Info.plist */ = {isa = PBXFileReference; lastKnownFileType = text.plist.xml; path = Info.plist; sourceTree = "<group>"; };
		068C4DF421AFE422009AC6F8 /* GrailzTests.xctest */ = {isa = PBXFileReference; explicitFileType = wrapper.cfbundle; includeInIndex = 0; path = GrailzTests.xctest; sourceTree = BUILT_PRODUCTS_DIR; };
		068C4DF821AFE422009AC6F8 /* GrailzTests.swift */ = {isa = PBXFileReference; lastKnownFileType = sourcecode.swift; path = GrailzTests.swift; sourceTree = "<group>"; };
		068C4DFA21AFE422009AC6F8 /* Info.plist */ = {isa = PBXFileReference; lastKnownFileType = text.plist.xml; path = Info.plist; sourceTree = "<group>"; };
		068C4DFF21AFE422009AC6F8 /* GrailzUITests.xctest */ = {isa = PBXFileReference; explicitFileType = wrapper.cfbundle; includeInIndex = 0; path = GrailzUITests.xctest; sourceTree = BUILT_PRODUCTS_DIR; };
		068C4E0321AFE422009AC6F8 /* GrailzUITests.swift */ = {isa = PBXFileReference; lastKnownFileType = sourcecode.swift; path = GrailzUITests.swift; sourceTree = "<group>"; };
		068C4E0521AFE422009AC6F8 /* Info.plist */ = {isa = PBXFileReference; lastKnownFileType = text.plist.xml; path = Info.plist; sourceTree = "<group>"; };
		068C4E1121AFE63D009AC6F8 /* ShoesData.swift */ = {isa = PBXFileReference; lastKnownFileType = sourcecode.swift; path = ShoesData.swift; sourceTree = "<group>"; };
		068C4E1321AFE795009AC6F8 /* ShoeCellTableViewCell.swift */ = {isa = PBXFileReference; lastKnownFileType = sourcecode.swift; path = ShoeCellTableViewCell.swift; sourceTree = "<group>"; };
		80F3999821BE247D00C715C8 /* WatchShoeCell.swift */ = {isa = PBXFileReference; lastKnownFileType = sourcecode.swift; path = WatchShoeCell.swift; sourceTree = "<group>"; };
		80F3999A21BE5BB800C715C8 /* WatchViewController.swift */ = {isa = PBXFileReference; lastKnownFileType = sourcecode.swift; path = WatchViewController.swift; sourceTree = "<group>"; };
		41F52F8F21BDD2C700184FEF /* LoginViewController.swift */ = {isa = PBXFileReference; lastKnownFileType = sourcecode.swift; path = LoginViewController.swift; sourceTree = "<group>"; };
		80F4D38421B63109005B7BFA /* SearchViewController.swift */ = {isa = PBXFileReference; lastKnownFileType = sourcecode.swift; path = SearchViewController.swift; sourceTree = "<group>"; };
		80F4D38621B634F4005B7BFA /* SearchShoeResultCell.swift */ = {isa = PBXFileReference; lastKnownFileType = sourcecode.swift; path = SearchShoeResultCell.swift; sourceTree = "<group>"; };
/* End PBXFileReference section */

/* Begin PBXFrameworksBuildPhase section */
		068C4DDB21AFE41D009AC6F8 /* Frameworks */ = {
			isa = PBXFrameworksBuildPhase;
			buildActionMask = 2147483647;
			files = (
			);
			runOnlyForDeploymentPostprocessing = 0;
		};
		068C4DF121AFE422009AC6F8 /* Frameworks */ = {
			isa = PBXFrameworksBuildPhase;
			buildActionMask = 2147483647;
			files = (
			);
			runOnlyForDeploymentPostprocessing = 0;
		};
		068C4DFC21AFE422009AC6F8 /* Frameworks */ = {
			isa = PBXFrameworksBuildPhase;
			buildActionMask = 2147483647;
			files = (
			);
			runOnlyForDeploymentPostprocessing = 0;
		};
/* End PBXFrameworksBuildPhase section */

/* Begin PBXGroup section */
		068C4DD521AFE41D009AC6F8 = {
			isa = PBXGroup;
			children = (
				068C4DE021AFE41D009AC6F8 /* Grailz */,
				068C4DF721AFE422009AC6F8 /* GrailzTests */,
				068C4E0221AFE422009AC6F8 /* GrailzUITests */,
				068C4DDF21AFE41D009AC6F8 /* Products */,
			);
			sourceTree = "<group>";
		};
		068C4DDF21AFE41D009AC6F8 /* Products */ = {
			isa = PBXGroup;
			children = (
				068C4DDE21AFE41D009AC6F8 /* Grailz.app */,
				068C4DF421AFE422009AC6F8 /* GrailzTests.xctest */,
				068C4DFF21AFE422009AC6F8 /* GrailzUITests.xctest */,
			);
			name = Products;
			sourceTree = "<group>";
		};
		068C4DE021AFE41D009AC6F8 /* Grailz */ = {
			isa = PBXGroup;
			children = (
				060271E721BDFAA200704E0B /* Assets.xcassets */,
				068C4DE121AFE41D009AC6F8 /* AppDelegate.swift */,
				068C4DE321AFE41D009AC6F8 /* ReleasesViewController.swift */,
				068C4DE521AFE41D009AC6F8 /* AccountViewController.swift */,
				0628D51C21BB2CA600A7786E /* SearchViewController.swift */,
				0628D51E21BB2E7D00A7786E /* SearchShoeResultCell.swift */,
				068C4DE721AFE41D009AC6F8 /* Main.storyboard */,
				80F3999821BE247D00C715C8 /* WatchShoeCell.swift */,
				80F3999A21BE5BB800C715C8 /* WatchViewController.swift */,
				41F52F8F21BDD2C700184FEF /* LoginViewController.swift */,
				068C4DEA21AFE422009AC6F8 /* Assets.xcassets */,
				068C4DEC21AFE422009AC6F8 /* LaunchScreen.storyboard */,
				068C4DEF21AFE422009AC6F8 /* Info.plist */,
				068C4E1121AFE63D009AC6F8 /* ShoesData.swift */,
				068C4E1321AFE795009AC6F8 /* ShoeCellTableViewCell.swift */,
				060F91DB21AFED6F00890863 /* ShoeDetailsViewController.swift */,
				063B7D2C21AFF995004E3A3E /* VideoReviewsTableViewCell.swift */,
			);
			path = Grailz;
			sourceTree = "<group>";
		};
		068C4DF721AFE422009AC6F8 /* GrailzTests */ = {
			isa = PBXGroup;
			children = (
				068C4DF821AFE422009AC6F8 /* GrailzTests.swift */,
				068C4DFA21AFE422009AC6F8 /* Info.plist */,
			);
			path = GrailzTests;
			sourceTree = "<group>";
		};
		068C4E0221AFE422009AC6F8 /* GrailzUITests */ = {
			isa = PBXGroup;
			children = (
				068C4E0321AFE422009AC6F8 /* GrailzUITests.swift */,
				068C4E0521AFE422009AC6F8 /* Info.plist */,
			);
			path = GrailzUITests;
			sourceTree = "<group>";
		};
/* End PBXGroup section */

/* Begin PBXNativeTarget section */
		068C4DDD21AFE41D009AC6F8 /* Grailz */ = {
			isa = PBXNativeTarget;
			buildConfigurationList = 068C4E0821AFE422009AC6F8 /* Build configuration list for PBXNativeTarget "Grailz" */;
			buildPhases = (
				068C4DDA21AFE41D009AC6F8 /* Sources */,
				068C4DDB21AFE41D009AC6F8 /* Frameworks */,
				068C4DDC21AFE41D009AC6F8 /* Resources */,
			);
			buildRules = (
			);
			dependencies = (
			);
			name = Grailz;
			productName = Grailz;
			productReference = 068C4DDE21AFE41D009AC6F8 /* Grailz.app */;
			productType = "com.apple.product-type.application";
		};
		068C4DF321AFE422009AC6F8 /* GrailzTests */ = {
			isa = PBXNativeTarget;
			buildConfigurationList = 068C4E0B21AFE422009AC6F8 /* Build configuration list for PBXNativeTarget "GrailzTests" */;
			buildPhases = (
				068C4DF021AFE422009AC6F8 /* Sources */,
				068C4DF121AFE422009AC6F8 /* Frameworks */,
				068C4DF221AFE422009AC6F8 /* Resources */,
			);
			buildRules = (
			);
			dependencies = (
				068C4DF621AFE422009AC6F8 /* PBXTargetDependency */,
			);
			name = GrailzTests;
			productName = GrailzTests;
			productReference = 068C4DF421AFE422009AC6F8 /* GrailzTests.xctest */;
			productType = "com.apple.product-type.bundle.unit-test";
		};
		068C4DFE21AFE422009AC6F8 /* GrailzUITests */ = {
			isa = PBXNativeTarget;
			buildConfigurationList = 068C4E0E21AFE422009AC6F8 /* Build configuration list for PBXNativeTarget "GrailzUITests" */;
			buildPhases = (
				068C4DFB21AFE422009AC6F8 /* Sources */,
				068C4DFC21AFE422009AC6F8 /* Frameworks */,
				068C4DFD21AFE422009AC6F8 /* Resources */,
			);
			buildRules = (
			);
			dependencies = (
				068C4E0121AFE422009AC6F8 /* PBXTargetDependency */,
			);
			name = GrailzUITests;
			productName = GrailzUITests;
			productReference = 068C4DFF21AFE422009AC6F8 /* GrailzUITests.xctest */;
			productType = "com.apple.product-type.bundle.ui-testing";
		};
/* End PBXNativeTarget section */

/* Begin PBXProject section */
		068C4DD621AFE41D009AC6F8 /* Project object */ = {
			isa = PBXProject;
			attributes = {
				LastSwiftUpdateCheck = 1000;
				LastUpgradeCheck = 1000;
				ORGANIZATIONNAME = "Nathan Han";
				TargetAttributes = {
					068C4DDD21AFE41D009AC6F8 = {
						CreatedOnToolsVersion = 10.0;
					};
					068C4DF321AFE422009AC6F8 = {
						CreatedOnToolsVersion = 10.0;
						TestTargetID = 068C4DDD21AFE41D009AC6F8;
					};
					068C4DFE21AFE422009AC6F8 = {
						CreatedOnToolsVersion = 10.0;
						TestTargetID = 068C4DDD21AFE41D009AC6F8;
					};
				};
			};
			buildConfigurationList = 068C4DD921AFE41D009AC6F8 /* Build configuration list for PBXProject "Grailz" */;
			compatibilityVersion = "Xcode 9.3";
			developmentRegion = en;
			hasScannedForEncodings = 0;
			knownRegions = (
				en,
				Base,
			);
			mainGroup = 068C4DD521AFE41D009AC6F8;
			productRefGroup = 068C4DDF21AFE41D009AC6F8 /* Products */;
			projectDirPath = "";
			projectRoot = "";
			targets = (
				068C4DDD21AFE41D009AC6F8 /* Grailz */,
				068C4DF321AFE422009AC6F8 /* GrailzTests */,
				068C4DFE21AFE422009AC6F8 /* GrailzUITests */,
			);
		};
/* End PBXProject section */

/* Begin PBXResourcesBuildPhase section */
		068C4DDC21AFE41D009AC6F8 /* Resources */ = {
			isa = PBXResourcesBuildPhase;
			buildActionMask = 2147483647;
			files = (
				068C4DEE21AFE422009AC6F8 /* LaunchScreen.storyboard in Resources */,
				060271E821BDFAA300704E0B /* Assets.xcassets in Resources */,
				068C4DE921AFE41D009AC6F8 /* Main.storyboard in Resources */,
			);
			runOnlyForDeploymentPostprocessing = 0;
		};
		068C4DF221AFE422009AC6F8 /* Resources */ = {
			isa = PBXResourcesBuildPhase;
			buildActionMask = 2147483647;
			files = (
			);
			runOnlyForDeploymentPostprocessing = 0;
		};
		068C4DFD21AFE422009AC6F8 /* Resources */ = {
			isa = PBXResourcesBuildPhase;
			buildActionMask = 2147483647;
			files = (
			);
			runOnlyForDeploymentPostprocessing = 0;
		};
/* End PBXResourcesBuildPhase section */

/* Begin PBXSourcesBuildPhase section */
		068C4DDA21AFE41D009AC6F8 /* Sources */ = {
			isa = PBXSourcesBuildPhase;
			buildActionMask = 2147483647;
			files = (
				060F91DC21AFED6F00890863 /* ShoeDetailsViewController.swift in Sources */,
				068C4DE621AFE41D009AC6F8 /* AccountViewController.swift in Sources */,
				0628D51F21BB2E7D00A7786E /* SearchShoeResultCell.swift in Sources */,
				0628D51D21BB2CA600A7786E /* SearchViewController.swift in Sources */,
				80F3999921BE247D00C715C8 /* WatchShoeCell.swift in Sources */,
				068C4E1421AFE795009AC6F8 /* ShoeCellTableViewCell.swift in Sources */,
				80F3999B21BE5BB800C715C8 /* WatchViewController.swift in Sources */,
				068C4DE221AFE41D009AC6F8 /* AppDelegate.swift in Sources */,
				063B7D2D21AFF995004E3A3E /* VideoReviewsTableViewCell.swift in Sources */,
				068C4DE421AFE41D009AC6F8 /* ReleasesViewController.swift in Sources */,
				41F52F9021BDD2C700184FEF /* LoginViewController.swift in Sources */,
				068C4E1221AFE63D009AC6F8 /* ShoesData.swift in Sources */,
			);
			runOnlyForDeploymentPostprocessing = 0;
		};
		068C4DF021AFE422009AC6F8 /* Sources */ = {
			isa = PBXSourcesBuildPhase;
			buildActionMask = 2147483647;
			files = (
				068C4DF921AFE422009AC6F8 /* GrailzTests.swift in Sources */,
			);
			runOnlyForDeploymentPostprocessing = 0;
		};
		068C4DFB21AFE422009AC6F8 /* Sources */ = {
			isa = PBXSourcesBuildPhase;
			buildActionMask = 2147483647;
			files = (
				068C4E0421AFE422009AC6F8 /* GrailzUITests.swift in Sources */,
			);
			runOnlyForDeploymentPostprocessing = 0;
		};
/* End PBXSourcesBuildPhase section */

/* Begin PBXTargetDependency section */
		068C4DF621AFE422009AC6F8 /* PBXTargetDependency */ = {
			isa = PBXTargetDependency;
			target = 068C4DDD21AFE41D009AC6F8 /* Grailz */;
			targetProxy = 068C4DF521AFE422009AC6F8 /* PBXContainerItemProxy */;
		};
		068C4E0121AFE422009AC6F8 /* PBXTargetDependency */ = {
			isa = PBXTargetDependency;
			target = 068C4DDD21AFE41D009AC6F8 /* Grailz */;
			targetProxy = 068C4E0021AFE422009AC6F8 /* PBXContainerItemProxy */;
		};
/* End PBXTargetDependency section */

/* Begin PBXVariantGroup section */
		068C4DE721AFE41D009AC6F8 /* Main.storyboard */ = {
			isa = PBXVariantGroup;
			children = (
				068C4DE821AFE41D009AC6F8 /* Base */,
			);
			name = Main.storyboard;
			sourceTree = "<group>";
		};
		068C4DEC21AFE422009AC6F8 /* LaunchScreen.storyboard */ = {
			isa = PBXVariantGroup;
			children = (
				068C4DED21AFE422009AC6F8 /* Base */,
			);
			name = LaunchScreen.storyboard;
			sourceTree = "<group>";
		};
/* End PBXVariantGroup section */

/* Begin XCBuildConfiguration section */
		068C4E0621AFE422009AC6F8 /* Debug */ = {
			isa = XCBuildConfiguration;
			buildSettings = {
				ALWAYS_SEARCH_USER_PATHS = NO;
				CLANG_ANALYZER_NONNULL = YES;
				CLANG_ANALYZER_NUMBER_OBJECT_CONVERSION = YES_AGGRESSIVE;
				CLANG_CXX_LANGUAGE_STANDARD = "gnu++14";
				CLANG_CXX_LIBRARY = "libc++";
				CLANG_ENABLE_MODULES = YES;
				CLANG_ENABLE_OBJC_ARC = YES;
				CLANG_ENABLE_OBJC_WEAK = YES;
				CLANG_WARN_BLOCK_CAPTURE_AUTORELEASING = YES;
				CLANG_WARN_BOOL_CONVERSION = YES;
				CLANG_WARN_COMMA = YES;
				CLANG_WARN_CONSTANT_CONVERSION = YES;
				CLANG_WARN_DEPRECATED_OBJC_IMPLEMENTATIONS = YES;
				CLANG_WARN_DIRECT_OBJC_ISA_USAGE = YES_ERROR;
				CLANG_WARN_DOCUMENTATION_COMMENTS = YES;
				CLANG_WARN_EMPTY_BODY = YES;
				CLANG_WARN_ENUM_CONVERSION = YES;
				CLANG_WARN_INFINITE_RECURSION = YES;
				CLANG_WARN_INT_CONVERSION = YES;
				CLANG_WARN_NON_LITERAL_NULL_CONVERSION = YES;
				CLANG_WARN_OBJC_IMPLICIT_RETAIN_SELF = YES;
				CLANG_WARN_OBJC_LITERAL_CONVERSION = YES;
				CLANG_WARN_OBJC_ROOT_CLASS = YES_ERROR;
				CLANG_WARN_RANGE_LOOP_ANALYSIS = YES;
				CLANG_WARN_STRICT_PROTOTYPES = YES;
				CLANG_WARN_SUSPICIOUS_MOVE = YES;
				CLANG_WARN_UNGUARDED_AVAILABILITY = YES_AGGRESSIVE;
				CLANG_WARN_UNREACHABLE_CODE = YES;
				CLANG_WARN__DUPLICATE_METHOD_MATCH = YES;
				CODE_SIGN_IDENTITY = "iPhone Developer";
				COPY_PHASE_STRIP = NO;
				DEBUG_INFORMATION_FORMAT = dwarf;
				ENABLE_STRICT_OBJC_MSGSEND = YES;
				ENABLE_TESTABILITY = YES;
				GCC_C_LANGUAGE_STANDARD = gnu11;
				GCC_DYNAMIC_NO_PIC = NO;
				GCC_NO_COMMON_BLOCKS = YES;
				GCC_OPTIMIZATION_LEVEL = 0;
				GCC_PREPROCESSOR_DEFINITIONS = (
					"DEBUG=1",
					"$(inherited)",
				);
				GCC_WARN_64_TO_32_BIT_CONVERSION = YES;
				GCC_WARN_ABOUT_RETURN_TYPE = YES_ERROR;
				GCC_WARN_UNDECLARED_SELECTOR = YES;
				GCC_WARN_UNINITIALIZED_AUTOS = YES_AGGRESSIVE;
				GCC_WARN_UNUSED_FUNCTION = YES;
				GCC_WARN_UNUSED_VARIABLE = YES;
				IPHONEOS_DEPLOYMENT_TARGET = 12.0;
				MTL_ENABLE_DEBUG_INFO = INCLUDE_SOURCE;
				MTL_FAST_MATH = YES;
				ONLY_ACTIVE_ARCH = YES;
				SDKROOT = iphoneos;
				SWIFT_ACTIVE_COMPILATION_CONDITIONS = DEBUG;
				SWIFT_OPTIMIZATION_LEVEL = "-Onone";
			};
			name = Debug;
		};
		068C4E0721AFE422009AC6F8 /* Release */ = {
			isa = XCBuildConfiguration;
			buildSettings = {
				ALWAYS_SEARCH_USER_PATHS = NO;
				CLANG_ANALYZER_NONNULL = YES;
				CLANG_ANALYZER_NUMBER_OBJECT_CONVERSION = YES_AGGRESSIVE;
				CLANG_CXX_LANGUAGE_STANDARD = "gnu++14";
				CLANG_CXX_LIBRARY = "libc++";
				CLANG_ENABLE_MODULES = YES;
				CLANG_ENABLE_OBJC_ARC = YES;
				CLANG_ENABLE_OBJC_WEAK = YES;
				CLANG_WARN_BLOCK_CAPTURE_AUTORELEASING = YES;
				CLANG_WARN_BOOL_CONVERSION = YES;
				CLANG_WARN_COMMA = YES;
				CLANG_WARN_CONSTANT_CONVERSION = YES;
				CLANG_WARN_DEPRECATED_OBJC_IMPLEMENTATIONS = YES;
				CLANG_WARN_DIRECT_OBJC_ISA_USAGE = YES_ERROR;
				CLANG_WARN_DOCUMENTATION_COMMENTS = YES;
				CLANG_WARN_EMPTY_BODY = YES;
				CLANG_WARN_ENUM_CONVERSION = YES;
				CLANG_WARN_INFINITE_RECURSION = YES;
				CLANG_WARN_INT_CONVERSION = YES;
				CLANG_WARN_NON_LITERAL_NULL_CONVERSION = YES;
				CLANG_WARN_OBJC_IMPLICIT_RETAIN_SELF = YES;
				CLANG_WARN_OBJC_LITERAL_CONVERSION = YES;
				CLANG_WARN_OBJC_ROOT_CLASS = YES_ERROR;
				CLANG_WARN_RANGE_LOOP_ANALYSIS = YES;
				CLANG_WARN_STRICT_PROTOTYPES = YES;
				CLANG_WARN_SUSPICIOUS_MOVE = YES;
				CLANG_WARN_UNGUARDED_AVAILABILITY = YES_AGGRESSIVE;
				CLANG_WARN_UNREACHABLE_CODE = YES;
				CLANG_WARN__DUPLICATE_METHOD_MATCH = YES;
				CODE_SIGN_IDENTITY = "iPhone Developer";
				COPY_PHASE_STRIP = NO;
				DEBUG_INFORMATION_FORMAT = "dwarf-with-dsym";
				ENABLE_NS_ASSERTIONS = NO;
				ENABLE_STRICT_OBJC_MSGSEND = YES;
				GCC_C_LANGUAGE_STANDARD = gnu11;
				GCC_NO_COMMON_BLOCKS = YES;
				GCC_WARN_64_TO_32_BIT_CONVERSION = YES;
				GCC_WARN_ABOUT_RETURN_TYPE = YES_ERROR;
				GCC_WARN_UNDECLARED_SELECTOR = YES;
				GCC_WARN_UNINITIALIZED_AUTOS = YES_AGGRESSIVE;
				GCC_WARN_UNUSED_FUNCTION = YES;
				GCC_WARN_UNUSED_VARIABLE = YES;
				IPHONEOS_DEPLOYMENT_TARGET = 12.0;
				MTL_ENABLE_DEBUG_INFO = NO;
				MTL_FAST_MATH = YES;
				SDKROOT = iphoneos;
				SWIFT_COMPILATION_MODE = wholemodule;
				SWIFT_OPTIMIZATION_LEVEL = "-O";
				VALIDATE_PRODUCT = YES;
			};
			name = Release;
		};
		068C4E0921AFE422009AC6F8 /* Debug */ = {
			isa = XCBuildConfiguration;
			buildSettings = {
				ASSETCATALOG_COMPILER_APPICON_NAME = AppIcon;
				DEVELOPMENT_TEAM = FR9GC5FG7R;
				INFOPLIST_FILE = Grailz/Info.plist;
				LD_RUNPATH_SEARCH_PATHS = (
					"$(inherited)",
					"@executable_path/Frameworks",
				);
				PRODUCT_BUNDLE_IDENTIFIER = NathanHan.Grailz;
				PRODUCT_NAME = "$(TARGET_NAME)";
				SWIFT_VERSION = 4.2;
				TARGETED_DEVICE_FAMILY = "1,2";
			};
			name = Debug;
		};
		068C4E0A21AFE422009AC6F8 /* Release */ = {
			isa = XCBuildConfiguration;
			buildSettings = {
				ASSETCATALOG_COMPILER_APPICON_NAME = AppIcon;
				CODE_SIGN_STYLE = Automatic;
				DEVELOPMENT_TEAM = FR9GC5FG7R;
				INFOPLIST_FILE = Grailz/Info.plist;
				LD_RUNPATH_SEARCH_PATHS = (
					"$(inherited)",
					"@executable_path/Frameworks",
				);
				PRODUCT_BUNDLE_IDENTIFIER = NathanHan.Grailz;
				PRODUCT_NAME = "$(TARGET_NAME)";
				SWIFT_VERSION = 4.2;
				TARGETED_DEVICE_FAMILY = "1,2";
			};
			name = Release;
		};
		068C4E0C21AFE422009AC6F8 /* Debug */ = {
			isa = XCBuildConfiguration;
			buildSettings = {
				ALWAYS_EMBED_SWIFT_STANDARD_LIBRARIES = YES;
				BUNDLE_LOADER = "$(TEST_HOST)";
				CODE_SIGN_STYLE = Automatic;
				DEVELOPMENT_TEAM = BFC56MD929;
				INFOPLIST_FILE = GrailzTests/Info.plist;
				LD_RUNPATH_SEARCH_PATHS = (
					"$(inherited)",
					"@executable_path/Frameworks",
					"@loader_path/Frameworks",
				);
				PRODUCT_BUNDLE_IDENTIFIER = NathanHan.GrailzTests;
				PRODUCT_NAME = "$(TARGET_NAME)";
				SWIFT_VERSION = 4.2;
				TARGETED_DEVICE_FAMILY = "1,2";
				TEST_HOST = "$(BUILT_PRODUCTS_DIR)/Grailz.app/Grailz";
			};
			name = Debug;
		};
		068C4E0D21AFE422009AC6F8 /* Release */ = {
			isa = XCBuildConfiguration;
			buildSettings = {
				ALWAYS_EMBED_SWIFT_STANDARD_LIBRARIES = YES;
				BUNDLE_LOADER = "$(TEST_HOST)";
				CODE_SIGN_STYLE = Automatic;
				DEVELOPMENT_TEAM = BFC56MD929;
				INFOPLIST_FILE = GrailzTests/Info.plist;
				LD_RUNPATH_SEARCH_PATHS = (
					"$(inherited)",
					"@executable_path/Frameworks",
					"@loader_path/Frameworks",
				);
				PRODUCT_BUNDLE_IDENTIFIER = NathanHan.GrailzTests;
				PRODUCT_NAME = "$(TARGET_NAME)";
				SWIFT_VERSION = 4.2;
				TARGETED_DEVICE_FAMILY = "1,2";
				TEST_HOST = "$(BUILT_PRODUCTS_DIR)/Grailz.app/Grailz";
			};
			name = Release;
		};
		068C4E0F21AFE422009AC6F8 /* Debug */ = {
			isa = XCBuildConfiguration;
			buildSettings = {
				ALWAYS_EMBED_SWIFT_STANDARD_LIBRARIES = YES;
				CODE_SIGN_STYLE = Automatic;
				DEVELOPMENT_TEAM = BFC56MD929;
				INFOPLIST_FILE = GrailzUITests/Info.plist;
				LD_RUNPATH_SEARCH_PATHS = (
					"$(inherited)",
					"@executable_path/Frameworks",
					"@loader_path/Frameworks",
				);
				PRODUCT_BUNDLE_IDENTIFIER = NathanHan.GrailzUITests;
				PRODUCT_NAME = "$(TARGET_NAME)";
				SWIFT_VERSION = 4.2;
				TARGETED_DEVICE_FAMILY = "1,2";
				TEST_TARGET_NAME = Grailz;
			};
			name = Debug;
		};
		068C4E1021AFE422009AC6F8 /* Release */ = {
			isa = XCBuildConfiguration;
			buildSettings = {
				ALWAYS_EMBED_SWIFT_STANDARD_LIBRARIES = YES;
				CODE_SIGN_STYLE = Automatic;
				DEVELOPMENT_TEAM = BFC56MD929;
				INFOPLIST_FILE = GrailzUITests/Info.plist;
				LD_RUNPATH_SEARCH_PATHS = (
					"$(inherited)",
					"@executable_path/Frameworks",
					"@loader_path/Frameworks",
				);
				PRODUCT_BUNDLE_IDENTIFIER = NathanHan.GrailzUITests;
				PRODUCT_NAME = "$(TARGET_NAME)";
				SWIFT_VERSION = 4.2;
				TARGETED_DEVICE_FAMILY = "1,2";
				TEST_TARGET_NAME = Grailz;
			};
			name = Release;
		};
/* End XCBuildConfiguration section */

/* Begin XCConfigurationList section */
		068C4DD921AFE41D009AC6F8 /* Build configuration list for PBXProject "Grailz" */ = {
			isa = XCConfigurationList;
			buildConfigurations = (
				068C4E0621AFE422009AC6F8 /* Debug */,
				068C4E0721AFE422009AC6F8 /* Release */,
			);
			defaultConfigurationIsVisible = 0;
			defaultConfigurationName = Release;
		};
		068C4E0821AFE422009AC6F8 /* Build configuration list for PBXNativeTarget "Grailz" */ = {
			isa = XCConfigurationList;
			buildConfigurations = (
				068C4E0921AFE422009AC6F8 /* Debug */,
				068C4E0A21AFE422009AC6F8 /* Release */,
			);
			defaultConfigurationIsVisible = 0;
			defaultConfigurationName = Release;
		};
		068C4E0B21AFE422009AC6F8 /* Build configuration list for PBXNativeTarget "GrailzTests" */ = {
			isa = XCConfigurationList;
			buildConfigurations = (
				068C4E0C21AFE422009AC6F8 /* Debug */,
				068C4E0D21AFE422009AC6F8 /* Release */,
			);
			defaultConfigurationIsVisible = 0;
			defaultConfigurationName = Release;
		};
		068C4E0E21AFE422009AC6F8 /* Build configuration list for PBXNativeTarget "GrailzUITests" */ = {
			isa = XCConfigurationList;
			buildConfigurations = (
				068C4E0F21AFE422009AC6F8 /* Debug */,
				068C4E1021AFE422009AC6F8 /* Release */,
			);
			defaultConfigurationIsVisible = 0;
			defaultConfigurationName = Release;
		};
/* End XCConfigurationList section */
	};
	rootObject = 068C4DD621AFE41D009AC6F8 /* Project object */;
}
